
Microsoft Visual Studio Solution File, Format Version 12.00
# Visual Studio Version 16
VisualStudioVersion = 16.0.30114.105
MinimumVisualStudioVersion = 10.0.40219.1
Project("{888888A0-9F3D-457C-B088-3A5042F75D52}") = "mazePython", "mazePython\mazePython.pyproj", "{E9F4FB9B-F1EF-41B1-9437-C9A032AFB6D6}"
EndProject
Global
	GlobalSection(SolutionConfigurationPlatforms) = preSolution
		Debug|Any CPU = Debug|Any CPU
		Release|Any CPU = Release|Any CPU
	EndGlobalSection
	GlobalSection(ProjectConfigurationPlatforms) = postSolution
		{E9F4FB9B-F1EF-41B1-9437-C9A032AFB6D6}.Debug|Any CPU.ActiveCfg = Debug|Any CPU
		{E9F4FB9B-F1EF-41B1-9437-C9A032AFB6D6}.Release|Any CPU.ActiveCfg = Release|Any CPU
	EndGlobalSection
	GlobalSection(SolutionProperties) = preSolution
		HideSolutionNode = FALSE
	EndGlobalSection
	GlobalSection(ExtensibilityGlobals) = postSolution
		SolutionGuid = {BA085A6D-5DB5-44A5-AD6D-AB7713E4177B}
	EndGlobalSection
EndGlobal
